{
  "name": "lab_6_module",
  "lockfileVersion": 2,
  "requires": true,
  "packages": {
    "": {
      "dependencies": {
        "ses_mypackage": "^2.0.0"
      }
    },
    "node_modules/nodemailer": {
      "version": "6.7.0",
      "resolved": "https://registry.npmjs.org/nodemailer/-/nodemailer-6.7.0.tgz",
      "integrity": "sha512-AtiTVUFHLiiDnMQ43zi0YgkzHOEWUkhDgPlBXrsDzJiJvB29Alo4OKxHQ0ugF3gRqRQIneCLtZU3yiUo7pItZw==",
      "engines": {
        "node": ">=6.0.0"
      }
    },
    "node_modules/ses_mypackage": {
      "version": "2.0.0",
      "resolved": "https://registry.npmjs.org/ses_mypackage/-/ses_mypackage-2.0.0.tgz",
      "integrity": "sha512-g9IgKxbSrX/21F0c0C3hTHUILoUwpzCwHpxq2/2rCGTf0OEeBlutWumNgttT1SKJba0iH1EYE1lg4qQl4LN/zQ==",
      "dependencies": {
        "nodemailer": "^6.7.0"
      }
    }
  },
  "dependencies": {
    "nodemailer": {
      "version": "6.7.0",
      "resolved": "https://registry.npmjs.org/nodemailer/-/nodemailer-6.7.0.tgz",
      "integrity": "sha512-AtiTVUFHLiiDnMQ43zi0YgkzHOEWUkhDgPlBXrsDzJiJvB29Alo4OKxHQ0ugF3gRqRQIneCLtZU3yiUo7pItZw=="
    },
    "ses_mypackage": {
      "version": "2.0.0",
      "resolved": "https://registry.npmjs.org/ses_mypackage/-/ses_mypackage-2.0.0.tgz",
      "integrity": "sha512-g9IgKxbSrX/21F0c0C3hTHUILoUwpzCwHpxq2/2rCGTf0OEeBlutWumNgttT1SKJba0iH1EYE1lg4qQl4LN/zQ==",
      "requires": {
        "nodemailer": "^6.7.0"
      }
    }
  }
}
